
Microsoft Visual Studio Solution File, Format Version 12.00
# Visual Studio 14
VisualStudioVersion = 14.0.24720.0
MinimumVisualStudioVersion = 10.0.40219.1
Project("{9092AA53-FB77-4645-B42D-1CCCA6BD08BD}") = "PictureTranslater", "PictureTranslater\PictureTranslater.njsproj", "{EB9F515B-98B5-415C-BD2D-500CC8C6B99D}"
EndProject
Global
	GlobalSection(SolutionConfigurationPlatforms) = preSolution
		Debug|Any CPU = Debug|Any CPU
		Release|Any CPU = Release|Any CPU
	EndGlobalSection
	GlobalSection(ProjectConfigurationPlatforms) = postSolution
		{EB9F515B-98B5-415C-BD2D-500CC8C6B99D}.Debug|Any CPU.ActiveCfg = Debug|Any CPU
		{EB9F515B-98B5-415C-BD2D-500CC8C6B99D}.Debug|Any CPU.Build.0 = Debug|Any CPU
		{EB9F515B-98B5-415C-BD2D-500CC8C6B99D}.Release|Any CPU.ActiveCfg = Release|Any CPU
		{EB9F515B-98B5-415C-BD2D-500CC8C6B99D}.Release|Any CPU.Build.0 = Release|Any CPU
	EndGlobalSection
	GlobalSection(SolutionProperties) = preSolution
		HideSolutionNode = FALSE
	EndGlobalSection
EndGlobal
